
Microsoft Visual Studio Solution File, Format Version 12.00
# Visual Studio Version 16
VisualStudioVersion = 16.0.29613.14
MinimumVisualStudioVersion = 10.0.40219.1
Project("{FAE04EC0-301F-11D3-BF4B-00C04F79EFBC}") = "MobileApp.UWP", "MobileApp\MobileApp.UWP\MobileApp.UWP.csproj", "{60D88658-4511-453B-91B4-AFD4F059C315}"
EndProject
Project("{FAE04EC0-301F-11D3-BF4B-00C04F79EFBC}") = "MobileApp.Android", "MobileApp\MobileApp.Android\MobileApp.Android.csproj", "{9B706195-5FA1-4211-8F88-3CEA95D73028}"
EndProject
Project("{FAE04EC0-301F-11D3-BF4B-00C04F79EFBC}") = "MobileApp.iOS", "MobileApp\MobileApp.iOS\MobileApp.iOS.csproj", "{E942251E-CD98-4B98-A459-A287A4C84AEB}"
EndProject
Project("{9A19103F-16F7-4668-BE54-9A1E7A4F7556}") = "MobileApp", "MobileApp\MobileApp\MobileApp.csproj", "{9F70B780-F3F8-487C-A537-4310C82706E6}"
EndProject
Project("{9A19103F-16F7-4668-BE54-9A1E7A4F7556}") = "EventSevice.Api", "EventService\EventSevice.Api\EventSevice.Api.csproj", "{B9E0B32F-74BC-48A0-BCFB-3D8E18F823B5}"
EndProject
Project("{FAE04EC0-301F-11D3-BF4B-00C04F79EFBC}") = "EventService.DAL", "EventService.DAL\EventService.DAL.csproj", "{4BEB100B-F402-47CF-A493-BEB8EA0B68BE}"
EndProject
Project("{FAE04EC0-301F-11D3-BF4B-00C04F79EFBC}") = "EventService.BLL", "EventService.BLL\EventService.BLL.csproj", "{165B4A3F-4A4B-46FA-A2B8-7DF4D69AA727}"
EndProject
Global
	GlobalSection(SolutionConfigurationPlatforms) = preSolution
		Debug|Any CPU = Debug|Any CPU
		Debug|ARM = Debug|ARM
		Debug|iPhone = Debug|iPhone
		Debug|iPhoneSimulator = Debug|iPhoneSimulator
		Debug|x64 = Debug|x64
		Debug|x86 = Debug|x86
		Release|Any CPU = Release|Any CPU
		Release|ARM = Release|ARM
		Release|iPhone = Release|iPhone
		Release|iPhoneSimulator = Release|iPhoneSimulator
		Release|x64 = Release|x64
		Release|x86 = Release|x86
	EndGlobalSection
	GlobalSection(ProjectConfigurationPlatforms) = postSolution
		{60D88658-4511-453B-91B4-AFD4F059C315}.Debug|Any CPU.ActiveCfg = Debug|x86
		{60D88658-4511-453B-91B4-AFD4F059C315}.Debug|ARM.ActiveCfg = Debug|ARM
		{60D88658-4511-453B-91B4-AFD4F059C315}.Debug|ARM.Build.0 = Debug|ARM
		{60D88658-4511-453B-91B4-AFD4F059C315}.Debug|ARM.Deploy.0 = Debug|ARM
		{60D88658-4511-453B-91B4-AFD4F059C315}.Debug|iPhone.ActiveCfg = Debug|x86
		{60D88658-4511-453B-91B4-AFD4F059C315}.Debug|iPhoneSimulator.ActiveCfg = Debug|x86
		{60D88658-4511-453B-91B4-AFD4F059C315}.Debug|x64.ActiveCfg = Debug|x64
		{60D88658-4511-453B-91B4-AFD4F059C315}.Debug|x64.Build.0 = Debug|x64
		{60D88658-4511-453B-91B4-AFD4F059C315}.Debug|x64.Deploy.0 = Debug|x64
		{60D88658-4511-453B-91B4-AFD4F059C315}.Debug|x86.ActiveCfg = Debug|x86
		{60D88658-4511-453B-91B4-AFD4F059C315}.Debug|x86.Build.0 = Debug|x86
		{60D88658-4511-453B-91B4-AFD4F059C315}.Debug|x86.Deploy.0 = Debug|x86
		{60D88658-4511-453B-91B4-AFD4F059C315}.Release|Any CPU.ActiveCfg = Release|x86
		{60D88658-4511-453B-91B4-AFD4F059C315}.Release|ARM.ActiveCfg = Release|ARM
		{60D88658-4511-453B-91B4-AFD4F059C315}.Release|ARM.Build.0 = Release|ARM
		{60D88658-4511-453B-91B4-AFD4F059C315}.Release|ARM.Deploy.0 = Release|ARM
		{60D88658-4511-453B-91B4-AFD4F059C315}.Release|iPhone.ActiveCfg = Release|x86
		{60D88658-4511-453B-91B4-AFD4F059C315}.Release|iPhoneSimulator.ActiveCfg = Release|x86
		{60D88658-4511-453B-91B4-AFD4F059C315}.Release|x64.ActiveCfg = Release|x64
		{60D88658-4511-453B-91B4-AFD4F059C315}.Release|x64.Build.0 = Release|x64
		{60D88658-4511-453B-91B4-AFD4F059C315}.Release|x64.Deploy.0 = Release|x64
		{60D88658-4511-453B-91B4-AFD4F059C315}.Release|x86.ActiveCfg = Release|x86
		{60D88658-4511-453B-91B4-AFD4F059C315}.Release|x86.Build.0 = Release|x86
		{60D88658-4511-453B-91B4-AFD4F059C315}.Release|x86.Deploy.0 = Release|x86
		{9B706195-5FA1-4211-8F88-3CEA95D73028}.Debug|Any CPU.ActiveCfg = Debug|Any CPU
		{9B706195-5FA1-4211-8F88-3CEA95D73028}.Debug|Any CPU.Build.0 = Debug|Any CPU
		{9B706195-5FA1-4211-8F88-3CEA95D73028}.Debug|Any CPU.Deploy.0 = Debug|Any CPU
		{9B706195-5FA1-4211-8F88-3CEA95D73028}.Debug|ARM.ActiveCfg = Debug|Any CPU
		{9B706195-5FA1-4211-8F88-3CEA95D73028}.Debug|ARM.Build.0 = Debug|Any CPU
		{9B706195-5FA1-4211-8F88-3CEA95D73028}.Debug|ARM.Deploy.0 = Debug|Any CPU
		{9B706195-5FA1-4211-8F88-3CEA95D73028}.Debug|iPhone.ActiveCfg = Debug|Any CPU
		{9B706195-5FA1-4211-8F88-3CEA95D73028}.Debug|iPhone.Build.0 = Debug|Any CPU
		{9B706195-5FA1-4211-8F88-3CEA95D73028}.Debug|iPhone.Deploy.0 = Debug|Any CPU
		{9B706195-5FA1-4211-8F88-3CEA95D73028}.Debug|iPhoneSimulator.ActiveCfg = Debug|Any CPU
		{9B706195-5FA1-4211-8F88-3CEA95D73028}.Debug|iPhoneSimulator.Build.0 = Debug|Any CPU
		{9B706195-5FA1-4211-8F88-3CEA95D73028}.Debug|iPhoneSimulator.Deploy.0 = Debug|Any CPU
		{9B706195-5FA1-4211-8F88-3CEA95D73028}.Debug|x64.ActiveCfg = Debug|Any CPU
		{9B706195-5FA1-4211-8F88-3CEA95D73028}.Debug|x64.Build.0 = Debug|Any CPU
		{9B706195-5FA1-4211-8F88-3CEA95D73028}.Debug|x64.Deploy.0 = Debug|Any CPU
		{9B706195-5FA1-4211-8F88-3CEA95D73028}.Debug|x86.ActiveCfg = Debug|Any CPU
		{9B706195-5FA1-4211-8F88-3CEA95D73028}.Debug|x86.Build.0 = Debug|Any CPU
		{9B706195-5FA1-4211-8F88-3CEA95D73028}.Debug|x86.Deploy.0 = Debug|Any CPU
		{9B706195-5FA1-4211-8F88-3CEA95D73028}.Release|Any CPU.ActiveCfg = Release|Any CPU
		{9B706195-5FA1-4211-8F88-3CEA95D73028}.Release|Any CPU.Build.0 = Release|Any CPU
		{9B706195-5FA1-4211-8F88-3CEA95D73028}.Release|Any CPU.Deploy.0 = Release|Any CPU
		{9B706195-5FA1-4211-8F88-3CEA95D73028}.Release|ARM.ActiveCfg = Release|Any CPU
		{9B706195-5FA1-4211-8F88-3CEA95D73028}.Release|ARM.Build.0 = Release|Any CPU
		{9B706195-5FA1-4211-8F88-3CEA95D73028}.Release|ARM.Deploy.0 = Release|Any CPU
		{9B706195-5FA1-4211-8F88-3CEA95D73028}.Release|iPhone.ActiveCfg = Release|Any CPU
		{9B706195-5FA1-4211-8F88-3CEA95D73028}.Release|iPhone.Build.0 = Release|Any CPU
		{9B706195-5FA1-4211-8F88-3CEA95D73028}.Release|iPhone.Deploy.0 = Release|Any CPU
		{9B706195-5FA1-4211-8F88-3CEA95D73028}.Release|iPhoneSimulator.ActiveCfg = Release|Any CPU
		{9B706195-5FA1-4211-8F88-3CEA95D73028}.Release|iPhoneSimulator.Build.0 = Release|Any CPU
		{9B706195-5FA1-4211-8F88-3CEA95D73028}.Release|iPhoneSimulator.Deploy.0 = Release|Any CPU
		{9B706195-5FA1-4211-8F88-3CEA95D73028}.Release|x64.ActiveCfg = Release|Any CPU
		{9B706195-5FA1-4211-8F88-3CEA95D73028}.Release|x64.Build.0 = Release|Any CPU
		{9B706195-5FA1-4211-8F88-3CEA95D73028}.Release|x64.Deploy.0 = Release|Any CPU
		{9B706195-5FA1-4211-8F88-3CEA95D73028}.Release|x86.ActiveCfg = Release|Any CPU
		{9B706195-5FA1-4211-8F88-3CEA95D73028}.Release|x86.Build.0 = Release|Any CPU
		{9B706195-5FA1-4211-8F88-3CEA95D73028}.Release|x86.Deploy.0 = Release|Any CPU
		{E942251E-CD98-4B98-A459-A287A4C84AEB}.Debug|Any CPU.ActiveCfg = Debug|iPhone
		{E942251E-CD98-4B98-A459-A287A4C84AEB}.Debug|ARM.ActiveCfg = Debug|iPhone
		{E942251E-CD98-4B98-A459-A287A4C84AEB}.Debug|iPhone.ActiveCfg = Debug|iPhone
		{E942251E-CD98-4B98-A459-A287A4C84AEB}.Debug|iPhone.Build.0 = Debug|iPhone
		{E942251E-CD98-4B98-A459-A287A4C84AEB}.Debug|iPhoneSimulator.ActiveCfg = Debug|iPhoneSimulator
		{E942251E-CD98-4B98-A459-A287A4C84AEB}.Debug|iPhoneSimulator.Build.0 = Debug|iPhoneSimulator
		{E942251E-CD98-4B98-A459-A287A4C84AEB}.Debug|x64.ActiveCfg = Debug|iPhone
		{E942251E-CD98-4B98-A459-A287A4C84AEB}.Debug|x86.ActiveCfg = Debug|iPhone
		{E942251E-CD98-4B98-A459-A287A4C84AEB}.Release|Any CPU.ActiveCfg = Release|iPhone
		{E942251E-CD98-4B98-A459-A287A4C84AEB}.Release|ARM.ActiveCfg = Release|iPhone
		{E942251E-CD98-4B98-A459-A287A4C84AEB}.Release|iPhone.ActiveCfg = Release|iPhone
		{E942251E-CD98-4B98-A459-A287A4C84AEB}.Release|iPhone.Build.0 = Release|iPhone
		{E942251E-CD98-4B98-A459-A287A4C84AEB}.Release|iPhoneSimulator.ActiveCfg = Release|iPhoneSimulator
		{E942251E-CD98-4B98-A459-A287A4C84AEB}.Release|iPhoneSimulator.Build.0 = Release|iPhoneSimulator
		{E942251E-CD98-4B98-A459-A287A4C84AEB}.Release|x64.ActiveCfg = Release|iPhone
		{E942251E-CD98-4B98-A459-A287A4C84AEB}.Release|x86.ActiveCfg = Release|iPhone
		{9F70B780-F3F8-487C-A537-4310C82706E6}.Debug|Any CPU.ActiveCfg = Debug|Any CPU
		{9F70B780-F3F8-487C-A537-4310C82706E6}.Debug|Any CPU.Build.0 = Debug|Any CPU
		{9F70B780-F3F8-487C-A537-4310C82706E6}.Debug|ARM.ActiveCfg = Debug|Any CPU
		{9F70B780-F3F8-487C-A537-4310C82706E6}.Debug|ARM.Build.0 = Debug|Any CPU
		{9F70B780-F3F8-487C-A537-4310C82706E6}.Debug|iPhone.ActiveCfg = Debug|Any CPU
		{9F70B780-F3F8-487C-A537-4310C82706E6}.Debug|iPhone.Build.0 = Debug|Any CPU
		{9F70B780-F3F8-487C-A537-4310C82706E6}.Debug|iPhoneSimulator.ActiveCfg = Debug|Any CPU
		{9F70B780-F3F8-487C-A537-4310C82706E6}.Debug|iPhoneSimulator.Build.0 = Debug|Any CPU
		{9F70B780-F3F8-487C-A537-4310C82706E6}.Debug|x64.ActiveCfg = Debug|Any CPU
		{9F70B780-F3F8-487C-A537-4310C82706E6}.Debug|x64.Build.0 = Debug|Any CPU
		{9F70B780-F3F8-487C-A537-4310C82706E6}.Debug|x86.ActiveCfg = Debug|Any CPU
		{9F70B780-F3F8-487C-A537-4310C82706E6}.Debug|x86.Build.0 = Debug|Any CPU
		{9F70B780-F3F8-487C-A537-4310C82706E6}.Release|Any CPU.ActiveCfg = Release|Any CPU
		{9F70B780-F3F8-487C-A537-4310C82706E6}.Release|Any CPU.Build.0 = Release|Any CPU
		{9F70B780-F3F8-487C-A537-4310C82706E6}.Release|ARM.ActiveCfg = Release|Any CPU
		{9F70B780-F3F8-487C-A537-4310C82706E6}.Release|ARM.Build.0 = Release|Any CPU
		{9F70B780-F3F8-487C-A537-4310C82706E6}.Release|iPhone.ActiveCfg = Release|Any CPU
		{9F70B780-F3F8-487C-A537-4310C82706E6}.Release|iPhone.Build.0 = Release|Any CPU
		{9F70B780-F3F8-487C-A537-4310C82706E6}.Release|iPhoneSimulator.ActiveCfg = Release|Any CPU
		{9F70B780-F3F8-487C-A537-4310C82706E6}.Release|iPhoneSimulator.Build.0 = Release|Any CPU
		{9F70B780-F3F8-487C-A537-4310C82706E6}.Release|x64.ActiveCfg = Release|Any CPU
		{9F70B780-F3F8-487C-A537-4310C82706E6}.Release|x64.Build.0 = Release|Any CPU
		{9F70B780-F3F8-487C-A537-4310C82706E6}.Release|x86.ActiveCfg = Release|Any CPU
		{9F70B780-F3F8-487C-A537-4310C82706E6}.Release|x86.Build.0 = Release|Any CPU
		{B9E0B32F-74BC-48A0-BCFB-3D8E18F823B5}.Debug|Any CPU.ActiveCfg = Debug|Any CPU
		{B9E0B32F-74BC-48A0-BCFB-3D8E18F823B5}.Debug|Any CPU.Build.0 = Debug|Any CPU
		{B9E0B32F-74BC-48A0-BCFB-3D8E18F823B5}.Debug|ARM.ActiveCfg = Debug|Any CPU
		{B9E0B32F-74BC-48A0-BCFB-3D8E18F823B5}.Debug|ARM.Build.0 = Debug|Any CPU
		{B9E0B32F-74BC-48A0-BCFB-3D8E18F823B5}.Debug|iPhone.ActiveCfg = Debug|Any CPU
		{B9E0B32F-74BC-48A0-BCFB-3D8E18F823B5}.Debug|iPhone.Build.0 = Debug|Any CPU
		{B9E0B32F-74BC-48A0-BCFB-3D8E18F823B5}.Debug|iPhoneSimulator.ActiveCfg = Debug|Any CPU
		{B9E0B32F-74BC-48A0-BCFB-3D8E18F823B5}.Debug|iPhoneSimulator.Build.0 = Debug|Any CPU
		{B9E0B32F-74BC-48A0-BCFB-3D8E18F823B5}.Debug|x64.ActiveCfg = Debug|Any CPU
		{B9E0B32F-74BC-48A0-BCFB-3D8E18F823B5}.Debug|x64.Build.0 = Debug|Any CPU
		{B9E0B32F-74BC-48A0-BCFB-3D8E18F823B5}.Debug|x86.ActiveCfg = Debug|Any CPU
		{B9E0B32F-74BC-48A0-BCFB-3D8E18F823B5}.Debug|x86.Build.0 = Debug|Any CPU
		{B9E0B32F-74BC-48A0-BCFB-3D8E18F823B5}.Release|Any CPU.ActiveCfg = Release|Any CPU
		{B9E0B32F-74BC-48A0-BCFB-3D8E18F823B5}.Release|Any CPU.Build.0 = Release|Any CPU
		{B9E0B32F-74BC-48A0-BCFB-3D8E18F823B5}.Release|ARM.ActiveCfg = Release|Any CPU
		{B9E0B32F-74BC-48A0-BCFB-3D8E18F823B5}.Release|ARM.Build.0 = Release|Any CPU
		{B9E0B32F-74BC-48A0-BCFB-3D8E18F823B5}.Release|iPhone.ActiveCfg = Release|Any CPU
		{B9E0B32F-74BC-48A0-BCFB-3D8E18F823B5}.Release|iPhone.Build.0 = Release|Any CPU
		{B9E0B32F-74BC-48A0-BCFB-3D8E18F823B5}.Release|iPhoneSimulator.ActiveCfg = Release|Any CPU
		{B9E0B32F-74BC-48A0-BCFB-3D8E18F823B5}.Release|iPhoneSimulator.Build.0 = Release|Any CPU
		{B9E0B32F-74BC-48A0-BCFB-3D8E18F823B5}.Release|x64.ActiveCfg = Release|Any CPU
		{B9E0B32F-74BC-48A0-BCFB-3D8E18F823B5}.Release|x64.Build.0 = Release|Any CPU
		{B9E0B32F-74BC-48A0-BCFB-3D8E18F823B5}.Release|x86.ActiveCfg = Release|Any CPU
		{B9E0B32F-74BC-48A0-BCFB-3D8E18F823B5}.Release|x86.Build.0 = Release|Any CPU
		{4BEB100B-F402-47CF-A493-BEB8EA0B68BE}.Debug|Any CPU.ActiveCfg = Debug|Any CPU
		{4BEB100B-F402-47CF-A493-BEB8EA0B68BE}.Debug|Any CPU.Build.0 = Debug|Any CPU
		{4BEB100B-F402-47CF-A493-BEB8EA0B68BE}.Debug|ARM.ActiveCfg = Debug|Any CPU
		{4BEB100B-F402-47CF-A493-BEB8EA0B68BE}.Debug|ARM.Build.0 = Debug|Any CPU
		{4BEB100B-F402-47CF-A493-BEB8EA0B68BE}.Debug|iPhone.ActiveCfg = Debug|Any CPU
		{4BEB100B-F402-47CF-A493-BEB8EA0B68BE}.Debug|iPhone.Build.0 = Debug|Any CPU
		{4BEB100B-F402-47CF-A493-BEB8EA0B68BE}.Debug|iPhoneSimulator.ActiveCfg = Debug|Any CPU
		{4BEB100B-F402-47CF-A493-BEB8EA0B68BE}.Debug|iPhoneSimulator.Build.0 = Debug|Any CPU
		{4BEB100B-F402-47CF-A493-BEB8EA0B68BE}.Debug|x64.ActiveCfg = Debug|Any CPU
		{4BEB100B-F402-47CF-A493-BEB8EA0B68BE}.Debug|x64.Build.0 = Debug|Any CPU
		{4BEB100B-F402-47CF-A493-BEB8EA0B68BE}.Debug|x86.ActiveCfg = Debug|Any CPU
		{4BEB100B-F402-47CF-A493-BEB8EA0B68BE}.Debug|x86.Build.0 = Debug|Any CPU
		{4BEB100B-F402-47CF-A493-BEB8EA0B68BE}.Release|Any CPU.ActiveCfg = Release|Any CPU
		{4BEB100B-F402-47CF-A493-BEB8EA0B68BE}.Release|Any CPU.Build.0 = Release|Any CPU
		{4BEB100B-F402-47CF-A493-BEB8EA0B68BE}.Release|ARM.ActiveCfg = Release|Any CPU
		{4BEB100B-F402-47CF-A493-BEB8EA0B68BE}.Release|ARM.Build.0 = Release|Any CPU
		{4BEB100B-F402-47CF-A493-BEB8EA0B68BE}.Release|iPhone.ActiveCfg = Release|Any CPU
		{4BEB100B-F402-47CF-A493-BEB8EA0B68BE}.Release|iPhone.Build.0 = Release|Any CPU
		{4BEB100B-F402-47CF-A493-BEB8EA0B68BE}.Release|iPhoneSimulator.ActiveCfg = Release|Any CPU
		{4BEB100B-F402-47CF-A493-BEB8EA0B68BE}.Release|iPhoneSimulator.Build.0 = Release|Any CPU
		{4BEB100B-F402-47CF-A493-BEB8EA0B68BE}.Release|x64.ActiveCfg = Release|Any CPU
		{4BEB100B-F402-47CF-A493-BEB8EA0B68BE}.Release|x64.Build.0 = Release|Any CPU
		{4BEB100B-F402-47CF-A493-BEB8EA0B68BE}.Release|x86.ActiveCfg = Release|Any CPU
		{4BEB100B-F402-47CF-A493-BEB8EA0B68BE}.Release|x86.Build.0 = Release|Any CPU
		{165B4A3F-4A4B-46FA-A2B8-7DF4D69AA727}.Debug|Any CPU.ActiveCfg = Debug|Any CPU
		{165B4A3F-4A4B-46FA-A2B8-7DF4D69AA727}.Debug|Any CPU.Build.0 = Debug|Any CPU
		{165B4A3F-4A4B-46FA-A2B8-7DF4D69AA727}.Debug|ARM.ActiveCfg = Debug|Any CPU
		{165B4A3F-4A4B-46FA-A2B8-7DF4D69AA727}.Debug|ARM.Build.0 = Debug|Any CPU
		{165B4A3F-4A4B-46FA-A2B8-7DF4D69AA727}.Debug|iPhone.ActiveCfg = Debug|Any CPU
		{165B4A3F-4A4B-46FA-A2B8-7DF4D69AA727}.Debug|iPhone.Build.0 = Debug|Any CPU
		{165B4A3F-4A4B-46FA-A2B8-7DF4D69AA727}.Debug|iPhoneSimulator.ActiveCfg = Debug|Any CPU
		{165B4A3F-4A4B-46FA-A2B8-7DF4D69AA727}.Debug|iPhoneSimulator.Build.0 = Debug|Any CPU
		{165B4A3F-4A4B-46FA-A2B8-7DF4D69AA727}.Debug|x64.ActiveCfg = Debug|Any CPU
		{165B4A3F-4A4B-46FA-A2B8-7DF4D69AA727}.Debug|x64.Build.0 = Debug|Any CPU
		{165B4A3F-4A4B-46FA-A2B8-7DF4D69AA727}.Debug|x86.ActiveCfg = Debug|Any CPU
		{165B4A3F-4A4B-46FA-A2B8-7DF4D69AA727}.Debug|x86.Build.0 = Debug|Any CPU
		{165B4A3F-4A4B-46FA-A2B8-7DF4D69AA727}.Release|Any CPU.ActiveCfg = Release|Any CPU
		{165B4A3F-4A4B-46FA-A2B8-7DF4D69AA727}.Release|Any CPU.Build.0 = Release|Any CPU
		{165B4A3F-4A4B-46FA-A2B8-7DF4D69AA727}.Release|ARM.ActiveCfg = Release|Any CPU
		{165B4A3F-4A4B-46FA-A2B8-7DF4D69AA727}.Release|ARM.Build.0 = Release|Any CPU
		{165B4A3F-4A4B-46FA-A2B8-7DF4D69AA727}.Release|iPhone.ActiveCfg = Release|Any CPU
		{165B4A3F-4A4B-46FA-A2B8-7DF4D69AA727}.Release|iPhone.Build.0 = Release|Any CPU
		{165B4A3F-4A4B-46FA-A2B8-7DF4D69AA727}.Release|iPhoneSimulator.ActiveCfg = Release|Any CPU
		{165B4A3F-4A4B-46FA-A2B8-7DF4D69AA727}.Release|iPhoneSimulator.Build.0 = Release|Any CPU
		{165B4A3F-4A4B-46FA-A2B8-7DF4D69AA727}.Release|x64.ActiveCfg = Release|Any CPU
		{165B4A3F-4A4B-46FA-A2B8-7DF4D69AA727}.Release|x64.Build.0 = Release|Any CPU
		{165B4A3F-4A4B-46FA-A2B8-7DF4D69AA727}.Release|x86.ActiveCfg = Release|Any CPU
		{165B4A3F-4A4B-46FA-A2B8-7DF4D69AA727}.Release|x86.Build.0 = Release|Any CPU
	EndGlobalSection
	GlobalSection(SolutionProperties) = preSolution
		HideSolutionNode = FALSE
	EndGlobalSection
	GlobalSection(ExtensibilityGlobals) = postSolution
		SolutionGuid = {C2A16BF1-B4E9-4DAF-81B6-5C57679982F6}
	EndGlobalSection
EndGlobal
